// !$*UTF8*$!
{
	archiveVersion = 1;
	classes = {
	};
	objectVersion = 50;
	objects = {

/* Begin PBXBuildFile section */
		882F4A2E26BBDE320051A01B /* ListTestProjectApp.swift in Sources */ = {isa = PBXBuildFile; fileRef = 882F4A2D26BBDE320051A01B /* ListTestProjectApp.swift */; };
		882F4A3026BBDE320051A01B /* TodoListView.swift in Sources */ = {isa = PBXBuildFile; fileRef = 882F4A2F26BBDE320051A01B /* TodoListView.swift */; };
		882F4A3226BBDE330051A01B /* Assets.xcassets in Resources */ = {isa = PBXBuildFile; fileRef = 882F4A3126BBDE330051A01B /* Assets.xcassets */; };
		882F4A3526BBDE330051A01B /* Preview Assets.xcassets in Resources */ = {isa = PBXBuildFile; fileRef = 882F4A3426BBDE330051A01B /* Preview Assets.xcassets */; };
		882F4A4126BBF28D0051A01B /* Item.swift in Sources */ = {isa = PBXBuildFile; fileRef = 882F4A4026BBF28C0051A01B /* Item.swift */; };
		882F4A4426BBF2EB0051A01B /* TodoListManager.swift in Sources */ = {isa = PBXBuildFile; fileRef = 882F4A4326BBF2EB0051A01B /* TodoListManager.swift */; };
		882F4A5226BC2FDF0051A01B /* ListTestProjectTests.swift in Sources */ = {isa = PBXBuildFile; fileRef = 882F4A5126BC2FDF0051A01B /* ListTestProjectTests.swift */; };
/* End PBXBuildFile section */

/* Begin PBXContainerItemProxy section */
		882F4A5426BC2FDF0051A01B /* PBXContainerItemProxy */ = {
			isa = PBXContainerItemProxy;
			containerPortal = 882F4A2226BBDE320051A01B /* Project object */;
			proxyType = 1;
			remoteGlobalIDString = 882F4A2926BBDE320051A01B;
			remoteInfo = ListTestProject;
		};
/* End PBXContainerItemProxy section */

/* Begin PBXFileReference section */
		882F4A2A26BBDE320051A01B /* ListTestProject.app */ = {isa = PBXFileReference; explicitFileType = wrapper.application; includeInIndex = 0; path = ListTestProject.app; sourceTree = BUILT_PRODUCTS_DIR; };
		882F4A2D26BBDE320051A01B /* ListTestProjectApp.swift */ = {isa = PBXFileReference; lastKnownFileType = sourcecode.swift; path = ListTestProjectApp.swift; sourceTree = "<group>"; };
		882F4A2F26BBDE320051A01B /* TodoListView.swift */ = {isa = PBXFileReference; lastKnownFileType = sourcecode.swift; path = TodoListView.swift; sourceTree = "<group>"; };
		882F4A3126BBDE330051A01B /* Assets.xcassets */ = {isa = PBXFileReference; lastKnownFileType = folder.assetcatalog; path = Assets.xcassets; sourceTree = "<group>"; };
		882F4A3426BBDE330051A01B /* Preview Assets.xcassets */ = {isa = PBXFileReference; lastKnownFileType = folder.assetcatalog; path = "Preview Assets.xcassets"; sourceTree = "<group>"; };
		882F4A3626BBDE330051A01B /* Info.plist */ = {isa = PBXFileReference; lastKnownFileType = text.plist.xml; path = Info.plist; sourceTree = "<group>"; };
		882F4A4026BBF28C0051A01B /* Item.swift */ = {isa = PBXFileReference; lastKnownFileType = sourcecode.swift; path = Item.swift; sourceTree = "<group>"; };
		882F4A4326BBF2EB0051A01B /* TodoListManager.swift */ = {isa = PBXFileReference; lastKnownFileType = sourcecode.swift; path = TodoListManager.swift; sourceTree = "<group>"; };
		882F4A4F26BC2FDF0051A01B /* ListTestProjectTests.xctest */ = {isa = PBXFileReference; explicitFileType = wrapper.cfbundle; includeInIndex = 0; path = ListTestProjectTests.xctest; sourceTree = BUILT_PRODUCTS_DIR; };
		882F4A5126BC2FDF0051A01B /* ListTestProjectTests.swift */ = {isa = PBXFileReference; lastKnownFileType = sourcecode.swift; path = ListTestProjectTests.swift; sourceTree = "<group>"; };
		882F4A5326BC2FDF0051A01B /* Info.plist */ = {isa = PBXFileReference; lastKnownFileType = text.plist.xml; path = Info.plist; sourceTree = "<group>"; };
		88FE437526BC36230005E6F3 /* 1. Subscription.playground */ = {isa = PBXFileReference; lastKnownFileType = file.playground; path = "1. Subscription.playground"; sourceTree = "<group>"; };
		88FE437826BC363F0005E6F3 /* 2. Publishers Starting Stream.playground */ = {isa = PBXFileReference; lastKnownFileType = file.playground; path = "2. Publishers Starting Stream.playground"; sourceTree = "<group>"; };
/* End PBXFileReference section */

/* Begin PBXFrameworksBuildPhase section */
		882F4A2726BBDE320051A01B /* Frameworks */ = {
			isa = PBXFrameworksBuildPhase;
			buildActionMask = 2147483647;
			files = (
			);
			runOnlyForDeploymentPostprocessing = 0;
		};
		882F4A4C26BC2FDF0051A01B /* Frameworks */ = {
			isa = PBXFrameworksBuildPhase;
			buildActionMask = 2147483647;
			files = (
			);
			runOnlyForDeploymentPostprocessing = 0;
		};
/* End PBXFrameworksBuildPhase section */

/* Begin PBXGroup section */
		882F4A2126BBDE320051A01B = {
			isa = PBXGroup;
			children = (
				88FE437826BC363F0005E6F3 /* 2. Publishers Starting Stream.playground */,
				88FE437526BC36230005E6F3 /* 1. Subscription.playground */,
				882F4A2C26BBDE320051A01B /* ListTestProject */,
				882F4A5026BC2FDF0051A01B /* ListTestProjectTests */,
				882F4A2B26BBDE320051A01B /* Products */,
			);
			sourceTree = "<group>";
		};
		882F4A2B26BBDE320051A01B /* Products */ = {
			isa = PBXGroup;
			children = (
				882F4A2A26BBDE320051A01B /* ListTestProject.app */,
				882F4A4F26BC2FDF0051A01B /* ListTestProjectTests.xctest */,
			);
			name = Products;
			sourceTree = "<group>";
		};
		882F4A2C26BBDE320051A01B /* ListTestProject */ = {
			isa = PBXGroup;
			children = (
				882F4A3F26BBF23E0051A01B /* Views */,
				882F4A3E26BBF2350051A01B /* ViewModel */,
				882F4A3D26BBF22B0051A01B /* Model */,
				882F4A2D26BBDE320051A01B /* ListTestProjectApp.swift */,
				882F4A3126BBDE330051A01B /* Assets.xcassets */,
				882F4A3626BBDE330051A01B /* Info.plist */,
				882F4A3326BBDE330051A01B /* Preview Content */,
			);
			path = ListTestProject;
			sourceTree = "<group>";
		};
		882F4A3326BBDE330051A01B /* Preview Content */ = {
			isa = PBXGroup;
			children = (
				882F4A3426BBDE330051A01B /* Preview Assets.xcassets */,
			);
			path = "Preview Content";
			sourceTree = "<group>";
		};
		882F4A3D26BBF22B0051A01B /* Model */ = {
			isa = PBXGroup;
			children = (
				882F4A4026BBF28C0051A01B /* Item.swift */,
			);
			path = Model;
			sourceTree = "<group>";
		};
		882F4A3E26BBF2350051A01B /* ViewModel */ = {
			isa = PBXGroup;
			children = (
				882F4A4326BBF2EB0051A01B /* TodoListManager.swift */,
			);
			path = ViewModel;
			sourceTree = "<group>";
		};
		882F4A3F26BBF23E0051A01B /* Views */ = {
			isa = PBXGroup;
			children = (
				882F4A2F26BBDE320051A01B /* TodoListView.swift */,
			);
			path = Views;
			sourceTree = "<group>";
		};
		882F4A5026BC2FDF0051A01B /* ListTestProjectTests */ = {
			isa = PBXGroup;
			children = (
				882F4A5126BC2FDF0051A01B /* ListTestProjectTests.swift */,
				882F4A5326BC2FDF0051A01B /* Info.plist */,
			);
			path = ListTestProjectTests;
			sourceTree = "<group>";
		};
/* End PBXGroup section */

/* Begin PBXNativeTarget section */
		882F4A2926BBDE320051A01B /* ListTestProject */ = {
			isa = PBXNativeTarget;
			buildConfigurationList = 882F4A3926BBDE330051A01B /* Build configuration list for PBXNativeTarget "ListTestProject" */;
			buildPhases = (
				882F4A2626BBDE320051A01B /* Sources */,
				882F4A2726BBDE320051A01B /* Frameworks */,
				882F4A2826BBDE320051A01B /* Resources */,
			);
			buildRules = (
			);
			dependencies = (
			);
			name = ListTestProject;
			productName = ListTestProject;
			productReference = 882F4A2A26BBDE320051A01B /* ListTestProject.app */;
			productType = "com.apple.product-type.application";
		};
		882F4A4E26BC2FDF0051A01B /* ListTestProjectTests */ = {
			isa = PBXNativeTarget;
			buildConfigurationList = 882F4A5626BC2FDF0051A01B /* Build configuration list for PBXNativeTarget "ListTestProjectTests" */;
			buildPhases = (
				882F4A4B26BC2FDF0051A01B /* Sources */,
				882F4A4C26BC2FDF0051A01B /* Frameworks */,
				882F4A4D26BC2FDF0051A01B /* Resources */,
			);
			buildRules = (
			);
			dependencies = (
				882F4A5526BC2FDF0051A01B /* PBXTargetDependency */,
			);
			name = ListTestProjectTests;
			productName = ListTestProjectTests;
			productReference = 882F4A4F26BC2FDF0051A01B /* ListTestProjectTests.xctest */;
			productType = "com.apple.product-type.bundle.unit-test";
		};
/* End PBXNativeTarget section */

/* Begin PBXProject section */
		882F4A2226BBDE320051A01B /* Project object */ = {
			isa = PBXProject;
			attributes = {
				LastSwiftUpdateCheck = 1220;
				LastUpgradeCheck = 1220;
				TargetAttributes = {
					882F4A2926BBDE320051A01B = {
						CreatedOnToolsVersion = 12.2;
					};
					882F4A4E26BC2FDF0051A01B = {
						CreatedOnToolsVersion = 12.2;
						TestTargetID = 882F4A2926BBDE320051A01B;
					};
				};
			};
			buildConfigurationList = 882F4A2526BBDE320051A01B /* Build configuration list for PBXProject "ListTestProject" */;
			compatibilityVersion = "Xcode 9.3";
			developmentRegion = en;
			hasScannedForEncodings = 0;
			knownRegions = (
				en,
				Base,
			);
			mainGroup = 882F4A2126BBDE320051A01B;
			productRefGroup = 882F4A2B26BBDE320051A01B /* Products */;
			projectDirPath = "";
			projectRoot = "";
			targets = (
				882F4A2926BBDE320051A01B /* ListTestProject */,
				882F4A4E26BC2FDF0051A01B /* ListTestProjectTests */,
			);
		};
/* End PBXProject section */

/* Begin PBXResourcesBuildPhase section */
		882F4A2826BBDE320051A01B /* Resources */ = {
			isa = PBXResourcesBuildPhase;
			buildActionMask = 2147483647;
			files = (
				882F4A3526BBDE330051A01B /* Preview Assets.xcassets in Resources */,
				882F4A3226BBDE330051A01B /* Assets.xcassets in Resources */,
			);
			runOnlyForDeploymentPostprocessing = 0;
		};
		882F4A4D26BC2FDF0051A01B /* Resources */ = {
			isa = PBXResourcesBuildPhase;
			buildActionMask = 2147483647;
			files = (
			);
			runOnlyForDeploymentPostprocessing = 0;
		};
/* End PBXResourcesBuildPhase section */

/* Begin PBXSourcesBuildPhase section */
		882F4A2626BBDE320051A01B /* Sources */ = {
			isa = PBXSourcesBuildPhase;
			buildActionMask = 2147483647;
			files = (
				882F4A3026BBDE320051A01B /* TodoListView.swift in Sources */,
				882F4A4426BBF2EB0051A01B /* TodoListManager.swift in Sources */,
				882F4A4126BBF28D0051A01B /* Item.swift in Sources */,
				882F4A2E26BBDE320051A01B /* ListTestProjectApp.swift in Sources */,
			);
			runOnlyForDeploymentPostprocessing = 0;
		};
		882F4A4B26BC2FDF0051A01B /* Sources */ = {
			isa = PBXSourcesBuildPhase;
			buildActionMask = 2147483647;
			files = (
				882F4A5226BC2FDF0051A01B /* ListTestProjectTests.swift in Sources */,
			);
			runOnlyForDeploymentPostprocessing = 0;
		};
/* End PBXSourcesBuildPhase section */

/* Begin PBXTargetDependency section */
		882F4A5526BC2FDF0051A01B /* PBXTargetDependency */ = {
			isa = PBXTargetDependency;
			target = 882F4A2926BBDE320051A01B /* ListTestProject */;
			targetProxy = 882F4A5426BC2FDF0051A01B /* PBXContainerItemProxy */;
		};
/* End PBXTargetDependency section */

/* Begin XCBuildConfiguration section */
		882F4A3726BBDE330051A01B /* Debug */ = {
			isa = XCBuildConfiguration;
			buildSettings = {
				ALWAYS_SEARCH_USER_PATHS = NO;
				CLANG_ANALYZER_NONNULL = YES;
				CLANG_ANALYZER_NUMBER_OBJECT_CONVERSION = YES_AGGRESSIVE;
				CLANG_CXX_LANGUAGE_STANDARD = "gnu++14";
				CLANG_CXX_LIBRARY = "libc++";
				CLANG_ENABLE_MODULES = YES;
				CLANG_ENABLE_OBJC_ARC = YES;
				CLANG_ENABLE_OBJC_WEAK = YES;
				CLANG_WARN_BLOCK_CAPTURE_AUTORELEASING = YES;
				CLANG_WARN_BOOL_CONVERSION = YES;
				CLANG_WARN_COMMA = YES;
				CLANG_WARN_CONSTANT_CONVERSION = YES;
				CLANG_WARN_DEPRECATED_OBJC_IMPLEMENTATIONS = YES;
				CLANG_WARN_DIRECT_OBJC_ISA_USAGE = YES_ERROR;
				CLANG_WARN_DOCUMENTATION_COMMENTS = YES;
				CLANG_WARN_EMPTY_BODY = YES;
				CLANG_WARN_ENUM_CONVERSION = YES;
				CLANG_WARN_INFINITE_RECURSION = YES;
				CLANG_WARN_INT_CONVERSION = YES;
				CLANG_WARN_NON_LITERAL_NULL_CONVERSION = YES;
				CLANG_WARN_OBJC_IMPLICIT_RETAIN_SELF = YES;
				CLANG_WARN_OBJC_LITERAL_CONVERSION = YES;
				CLANG_WARN_OBJC_ROOT_CLASS = YES_ERROR;
				CLANG_WARN_QUOTED_INCLUDE_IN_FRAMEWORK_HEADER = YES;
				CLANG_WARN_RANGE_LOOP_ANALYSIS = YES;
				CLANG_WARN_STRICT_PROTOTYPES = YES;
				CLANG_WARN_SUSPICIOUS_MOVE = YES;
				CLANG_WARN_UNGUARDED_AVAILABILITY = YES_AGGRESSIVE;
				CLANG_WARN_UNREACHABLE_CODE = YES;
				CLANG_WARN__DUPLICATE_METHOD_MATCH = YES;
				COPY_PHASE_STRIP = NO;
				DEBUG_INFORMATION_FORMAT = dwarf;
				ENABLE_STRICT_OBJC_MSGSEND = YES;
				ENABLE_TESTABILITY = YES;
				GCC_C_LANGUAGE_STANDARD = gnu11;
				GCC_DYNAMIC_NO_PIC = NO;
				GCC_NO_COMMON_BLOCKS = YES;
				GCC_OPTIMIZATION_LEVEL = 0;
				GCC_PREPROCESSOR_DEFINITIONS = (
					"DEBUG=1",
					"$(inherited)",
				);
				GCC_WARN_64_TO_32_BIT_CONVERSION = YES;
				GCC_WARN_ABOUT_RETURN_TYPE = YES_ERROR;
				GCC_WARN_UNDECLARED_SELECTOR = YES;
				GCC_WARN_UNINITIALIZED_AUTOS = YES_AGGRESSIVE;
				GCC_WARN_UNUSED_FUNCTION = YES;
				GCC_WARN_UNUSED_VARIABLE = YES;
				IPHONEOS_DEPLOYMENT_TARGET = 14.2;
				MTL_ENABLE_DEBUG_INFO = INCLUDE_SOURCE;
				MTL_FAST_MATH = YES;
				ONLY_ACTIVE_ARCH = YES;
				SDKROOT = iphoneos;
				SWIFT_ACTIVE_COMPILATION_CONDITIONS = DEBUG;
				SWIFT_OPTIMIZATION_LEVEL = "-Onone";
			};
			name = Debug;
		};
		882F4A3826BBDE330051A01B /* Release */ = {
			isa = XCBuildConfiguration;
			buildSettings = {
				ALWAYS_SEARCH_USER_PATHS = NO;
				CLANG_ANALYZER_NONNULL = YES;
				CLANG_ANALYZER_NUMBER_OBJECT_CONVERSION = YES_AGGRESSIVE;
				CLANG_CXX_LANGUAGE_STANDARD = "gnu++14";
				CLANG_CXX_LIBRARY = "libc++";
				CLANG_ENABLE_MODULES = YES;
				CLANG_ENABLE_OBJC_ARC = YES;
				CLANG_ENABLE_OBJC_WEAK = YES;
				CLANG_WARN_BLOCK_CAPTURE_AUTORELEASING = YES;
				CLANG_WARN_BOOL_CONVERSION = YES;
				CLANG_WARN_COMMA = YES;
				CLANG_WARN_CONSTANT_CONVERSION = YES;
				CLANG_WARN_DEPRECATED_OBJC_IMPLEMENTATIONS = YES;
				CLANG_WARN_DIRECT_OBJC_ISA_USAGE = YES_ERROR;
				CLANG_WARN_DOCUMENTATION_COMMENTS = YES;
				CLANG_WARN_EMPTY_BODY = YES;
				CLANG_WARN_ENUM_CONVERSION = YES;
				CLANG_WARN_INFINITE_RECURSION = YES;
				CLANG_WARN_INT_CONVERSION = YES;
				CLANG_WARN_NON_LITERAL_NULL_CONVERSION = YES;
				CLANG_WARN_OBJC_IMPLICIT_RETAIN_SELF = YES;
				CLANG_WARN_OBJC_LITERAL_CONVERSION = YES;
				CLANG_WARN_OBJC_ROOT_CLASS = YES_ERROR;
				CLANG_WARN_QUOTED_INCLUDE_IN_FRAMEWORK_HEADER = YES;
				CLANG_WARN_RANGE_LOOP_ANALYSIS = YES;
				CLANG_WARN_STRICT_PROTOTYPES = YES;
				CLANG_WARN_SUSPICIOUS_MOVE = YES;
				CLANG_WARN_UNGUARDED_AVAILABILITY = YES_AGGRESSIVE;
				CLANG_WARN_UNREACHABLE_CODE = YES;
				CLANG_WARN__DUPLICATE_METHOD_MATCH = YES;
				COPY_PHASE_STRIP = NO;
				DEBUG_INFORMATION_FORMAT = "dwarf-with-dsym";
				ENABLE_NS_ASSERTIONS = NO;
				ENABLE_STRICT_OBJC_MSGSEND = YES;
				GCC_C_LANGUAGE_STANDARD = gnu11;
				GCC_NO_COMMON_BLOCKS = YES;
				GCC_WARN_64_TO_32_BIT_CONVERSION = YES;
				GCC_WARN_ABOUT_RETURN_TYPE = YES_ERROR;
				GCC_WARN_UNDECLARED_SELECTOR = YES;
				GCC_WARN_UNINITIALIZED_AUTOS = YES_AGGRESSIVE;
				GCC_WARN_UNUSED_FUNCTION = YES;
				GCC_WARN_UNUSED_VARIABLE = YES;
				IPHONEOS_DEPLOYMENT_TARGET = 14.2;
				MTL_ENABLE_DEBUG_INFO = NO;
				MTL_FAST_MATH = YES;
				SDKROOT = iphoneos;
				SWIFT_COMPILATION_MODE = wholemodule;
				SWIFT_OPTIMIZATION_LEVEL = "-O";
				VALIDATE_PRODUCT = YES;
			};
			name = Release;
		};
		882F4A3A26BBDE330051A01B /* Debug */ = {
			isa = XCBuildConfiguration;
			buildSettings = {
				ASSETCATALOG_COMPILER_APPICON_NAME = AppIcon;
				ASSETCATALOG_COMPILER_GLOBAL_ACCENT_COLOR_NAME = AccentColor;
				CODE_SIGN_STYLE = Automatic;
				DEVELOPMENT_ASSET_PATHS = "\"ListTestProject/Preview Content\"";
				ENABLE_PREVIEWS = YES;
				INFOPLIST_FILE = ListTestProject/Info.plist;
				IPHONEOS_DEPLOYMENT_TARGET = 14.0;
				LD_RUNPATH_SEARCH_PATHS = (
					"$(inherited)",
					"@executable_path/Frameworks",
				);
				PRODUCT_BUNDLE_IDENTIFIER = com.me.ListTestProject;
				PRODUCT_NAME = "$(TARGET_NAME)";
				SWIFT_VERSION = 5.0;
				TARGETED_DEVICE_FAMILY = "1,2";
			};
			name = Debug;
		};
		882F4A3B26BBDE330051A01B /* Release */ = {
			isa = XCBuildConfiguration;
			buildSettings = {
				ASSETCATALOG_COMPILER_APPICON_NAME = AppIcon;
				ASSETCATALOG_COMPILER_GLOBAL_ACCENT_COLOR_NAME = AccentColor;
				CODE_SIGN_STYLE = Automatic;
				DEVELOPMENT_ASSET_PATHS = "\"ListTestProject/Preview Content\"";
				ENABLE_PREVIEWS = YES;
				INFOPLIST_FILE = ListTestProject/Info.plist;
				IPHONEOS_DEPLOYMENT_TARGET = 14.0;
				LD_RUNPATH_SEARCH_PATHS = (
					"$(inherited)",
					"@executable_path/Frameworks",
				);
				PRODUCT_BUNDLE_IDENTIFIER = com.me.ListTestProject;
				PRODUCT_NAME = "$(TARGET_NAME)";
				SWIFT_VERSION = 5.0;
				TARGETED_DEVICE_FAMILY = "1,2";
			};
			name = Release;
		};
		882F4A5726BC2FDF0051A01B /* Debug */ = {
			isa = XCBuildConfiguration;
			buildSettings = {
				BUNDLE_LOADER = "$(TEST_HOST)";
				CODE_SIGN_STYLE = Automatic;
				INFOPLIST_FILE = ListTestProjectTests/Info.plist;
				IPHONEOS_DEPLOYMENT_TARGET = 14.0;
				LD_RUNPATH_SEARCH_PATHS = (
					"$(inherited)",
					"@executable_path/Frameworks",
					"@loader_path/Frameworks",
				);
				PRODUCT_BUNDLE_IDENTIFIER = com.me.ListTestProjectTests;
				PRODUCT_NAME = "$(TARGET_NAME)";
				SWIFT_VERSION = 5.0;
				TARGETED_DEVICE_FAMILY = "1,2";
				TEST_HOST = "$(BUILT_PRODUCTS_DIR)/ListTestProject.app/ListTestProject";
			};
			name = Debug;
		};
		882F4A5826BC2FDF0051A01B /* Release */ = {
			isa = XCBuildConfiguration;
			buildSettings = {
				BUNDLE_LOADER = "$(TEST_HOST)";
				CODE_SIGN_STYLE = Automatic;
				INFOPLIST_FILE = ListTestProjectTests/Info.plist;
				IPHONEOS_DEPLOYMENT_TARGET = 14.0;
				LD_RUNPATH_SEARCH_PATHS = (
					"$(inherited)",
					"@executable_path/Frameworks",
					"@loader_path/Frameworks",
				);
				PRODUCT_BUNDLE_IDENTIFIER = com.me.ListTestProjectTests;
				PRODUCT_NAME = "$(TARGET_NAME)";
				SWIFT_VERSION = 5.0;
				TARGETED_DEVICE_FAMILY = "1,2";
				TEST_HOST = "$(BUILT_PRODUCTS_DIR)/ListTestProject.app/ListTestProject";
			};
			name = Release;
		};
/* End XCBuildConfiguration section */

/* Begin XCConfigurationList section */
		882F4A2526BBDE320051A01B /* Build configuration list for PBXProject "ListTestProject" */ = {
			isa = XCConfigurationList;
			buildConfigurations = (
				882F4A3726BBDE330051A01B /* Debug */,
				882F4A3826BBDE330051A01B /* Release */,
			);
			defaultConfigurationIsVisible = 0;
			defaultConfigurationName = Release;
		};
		882F4A3926BBDE330051A01B /* Build configuration list for PBXNativeTarget "ListTestProject" */ = {
			isa = XCConfigurationList;
			buildConfigurations = (
				882F4A3A26BBDE330051A01B /* Debug */,
				882F4A3B26BBDE330051A01B /* Release */,
			);
			defaultConfigurationIsVisible = 0;
			defaultConfigurationName = Release;
		};
		882F4A5626BC2FDF0051A01B /* Build configuration list for PBXNativeTarget "ListTestProjectTests" */ = {
			isa = XCConfigurationList;
			buildConfigurations = (
				882F4A5726BC2FDF0051A01B /* Debug */,
				882F4A5826BC2FDF0051A01B /* Release */,
			);
			defaultConfigurationIsVisible = 0;
			defaultConfigurationName = Release;
		};
/* End XCConfigurationList section */
	};
	rootObject = 882F4A2226BBDE320051A01B /* Project object */;
}
